
Microsoft Visual Studio Solution File, Format Version 12.00
# Visual Studio Version 16
VisualStudioVersion = 16.0.30320.27
MinimumVisualStudioVersion = 10.0.40219.1
Project("{FAE04EC0-301F-11D3-BF4B-00C04F79EFBC}") = "FontFallback.UWP", "FontFallback.UWP\FontFallback.UWP.csproj", "{E6AB96C1-2DAF-4C6D-A8C5-F23FC0203965}"
EndProject
Project("{FAE04EC0-301F-11D3-BF4B-00C04F79EFBC}") = "FontFallback.Android", "FontFallback.Android\FontFallback.Android.csproj", "{95079F1A-398B-4547-9429-A012478E9B51}"
EndProject
Project("{FAE04EC0-301F-11D3-BF4B-00C04F79EFBC}") = "FontFallback.iOS", "FontFallback.iOS\FontFallback.iOS.csproj", "{7856F803-9D1D-4A50-9E51-387344DB3E60}"
EndProject
Project("{FAE04EC0-301F-11D3-BF4B-00C04F79EFBC}") = "FontFallback", "FontFallback\FontFallback.csproj", "{74C70BAA-BFD8-4533-B943-5BCE002D708B}"
EndProject
Global
	GlobalSection(SolutionConfigurationPlatforms) = preSolution
		Debug|Any CPU = Debug|Any CPU
		Debug|ARM = Debug|ARM
		Debug|iPhone = Debug|iPhone
		Debug|iPhoneSimulator = Debug|iPhoneSimulator
		Debug|x64 = Debug|x64
		Debug|x86 = Debug|x86
		Release|Any CPU = Release|Any CPU
		Release|ARM = Release|ARM
		Release|iPhone = Release|iPhone
		Release|iPhoneSimulator = Release|iPhoneSimulator
		Release|x64 = Release|x64
		Release|x86 = Release|x86
	EndGlobalSection
	GlobalSection(ProjectConfigurationPlatforms) = postSolution
		{E6AB96C1-2DAF-4C6D-A8C5-F23FC0203965}.Debug|Any CPU.ActiveCfg = Debug|x86
		{E6AB96C1-2DAF-4C6D-A8C5-F23FC0203965}.Debug|Any CPU.Build.0 = Debug|x86
		{E6AB96C1-2DAF-4C6D-A8C5-F23FC0203965}.Debug|Any CPU.Deploy.0 = Debug|x86
		{E6AB96C1-2DAF-4C6D-A8C5-F23FC0203965}.Debug|ARM.ActiveCfg = Debug|ARM
		{E6AB96C1-2DAF-4C6D-A8C5-F23FC0203965}.Debug|ARM.Build.0 = Debug|ARM
		{E6AB96C1-2DAF-4C6D-A8C5-F23FC0203965}.Debug|ARM.Deploy.0 = Debug|ARM
		{E6AB96C1-2DAF-4C6D-A8C5-F23FC0203965}.Debug|iPhone.ActiveCfg = Debug|x86
		{E6AB96C1-2DAF-4C6D-A8C5-F23FC0203965}.Debug|iPhone.Build.0 = Debug|x86
		{E6AB96C1-2DAF-4C6D-A8C5-F23FC0203965}.Debug|iPhone.Deploy.0 = Debug|x86
		{E6AB96C1-2DAF-4C6D-A8C5-F23FC0203965}.Debug|iPhoneSimulator.ActiveCfg = Debug|x86
		{E6AB96C1-2DAF-4C6D-A8C5-F23FC0203965}.Debug|iPhoneSimulator.Build.0 = Debug|x86
		{E6AB96C1-2DAF-4C6D-A8C5-F23FC0203965}.Debug|iPhoneSimulator.Deploy.0 = Debug|x86
		{E6AB96C1-2DAF-4C6D-A8C5-F23FC0203965}.Debug|x64.ActiveCfg = Debug|x64
		{E6AB96C1-2DAF-4C6D-A8C5-F23FC0203965}.Debug|x64.Build.0 = Debug|x64
		{E6AB96C1-2DAF-4C6D-A8C5-F23FC0203965}.Debug|x64.Deploy.0 = Debug|x64
		{E6AB96C1-2DAF-4C6D-A8C5-F23FC0203965}.Debug|x86.ActiveCfg = Debug|x86
		{E6AB96C1-2DAF-4C6D-A8C5-F23FC0203965}.Debug|x86.Build.0 = Debug|x86
		{E6AB96C1-2DAF-4C6D-A8C5-F23FC0203965}.Debug|x86.Deploy.0 = Debug|x86
		{E6AB96C1-2DAF-4C6D-A8C5-F23FC0203965}.Release|Any CPU.ActiveCfg = Release|x86
		{E6AB96C1-2DAF-4C6D-A8C5-F23FC0203965}.Release|Any CPU.Build.0 = Release|x86
		{E6AB96C1-2DAF-4C6D-A8C5-F23FC0203965}.Release|Any CPU.Deploy.0 = Release|x86
		{E6AB96C1-2DAF-4C6D-A8C5-F23FC0203965}.Release|ARM.ActiveCfg = Release|ARM
		{E6AB96C1-2DAF-4C6D-A8C5-F23FC0203965}.Release|ARM.Build.0 = Release|ARM
		{E6AB96C1-2DAF-4C6D-A8C5-F23FC0203965}.Release|ARM.Deploy.0 = Release|ARM
		{E6AB96C1-2DAF-4C6D-A8C5-F23FC0203965}.Release|iPhone.ActiveCfg = Release|x86
		{E6AB96C1-2DAF-4C6D-A8C5-F23FC0203965}.Release|iPhone.Build.0 = Release|x86
		{E6AB96C1-2DAF-4C6D-A8C5-F23FC0203965}.Release|iPhone.Deploy.0 = Release|x86
		{E6AB96C1-2DAF-4C6D-A8C5-F23FC0203965}.Release|iPhoneSimulator.ActiveCfg = Release|x86
		{E6AB96C1-2DAF-4C6D-A8C5-F23FC0203965}.Release|iPhoneSimulator.Build.0 = Release|x86
		{E6AB96C1-2DAF-4C6D-A8C5-F23FC0203965}.Release|iPhoneSimulator.Deploy.0 = Release|x86
		{E6AB96C1-2DAF-4C6D-A8C5-F23FC0203965}.Release|x64.ActiveCfg = Release|x64
		{E6AB96C1-2DAF-4C6D-A8C5-F23FC0203965}.Release|x64.Build.0 = Release|x64
		{E6AB96C1-2DAF-4C6D-A8C5-F23FC0203965}.Release|x64.Deploy.0 = Release|x64
		{E6AB96C1-2DAF-4C6D-A8C5-F23FC0203965}.Release|x86.ActiveCfg = Release|x86
		{E6AB96C1-2DAF-4C6D-A8C5-F23FC0203965}.Release|x86.Build.0 = Release|x86
		{E6AB96C1-2DAF-4C6D-A8C5-F23FC0203965}.Release|x86.Deploy.0 = Release|x86
		{95079F1A-398B-4547-9429-A012478E9B51}.Debug|Any CPU.ActiveCfg = Debug|Any CPU
		{95079F1A-398B-4547-9429-A012478E9B51}.Debug|Any CPU.Build.0 = Debug|Any CPU
		{95079F1A-398B-4547-9429-A012478E9B51}.Debug|Any CPU.Deploy.0 = Debug|Any CPU
		{95079F1A-398B-4547-9429-A012478E9B51}.Debug|ARM.ActiveCfg = Debug|Any CPU
		{95079F1A-398B-4547-9429-A012478E9B51}.Debug|ARM.Build.0 = Debug|Any CPU
		{95079F1A-398B-4547-9429-A012478E9B51}.Debug|ARM.Deploy.0 = Debug|Any CPU
		{95079F1A-398B-4547-9429-A012478E9B51}.Debug|iPhone.ActiveCfg = Debug|Any CPU
		{95079F1A-398B-4547-9429-A012478E9B51}.Debug|iPhone.Build.0 = Debug|Any CPU
		{95079F1A-398B-4547-9429-A012478E9B51}.Debug|iPhone.Deploy.0 = Debug|Any CPU
		{95079F1A-398B-4547-9429-A012478E9B51}.Debug|iPhoneSimulator.ActiveCfg = Debug|Any CPU
		{95079F1A-398B-4547-9429-A012478E9B51}.Debug|iPhoneSimulator.Build.0 = Debug|Any CPU
		{95079F1A-398B-4547-9429-A012478E9B51}.Debug|iPhoneSimulator.Deploy.0 = Debug|Any CPU
		{95079F1A-398B-4547-9429-A012478E9B51}.Debug|x64.ActiveCfg = Debug|Any CPU
		{95079F1A-398B-4547-9429-A012478E9B51}.Debug|x64.Build.0 = Debug|Any CPU
		{95079F1A-398B-4547-9429-A012478E9B51}.Debug|x64.Deploy.0 = Debug|Any CPU
		{95079F1A-398B-4547-9429-A012478E9B51}.Debug|x86.ActiveCfg = Debug|Any CPU
		{95079F1A-398B-4547-9429-A012478E9B51}.Debug|x86.Build.0 = Debug|Any CPU
		{95079F1A-398B-4547-9429-A012478E9B51}.Debug|x86.Deploy.0 = Debug|Any CPU
		{95079F1A-398B-4547-9429-A012478E9B51}.Release|Any CPU.ActiveCfg = Release|Any CPU
		{95079F1A-398B-4547-9429-A012478E9B51}.Release|Any CPU.Build.0 = Release|Any CPU
		{95079F1A-398B-4547-9429-A012478E9B51}.Release|Any CPU.Deploy.0 = Release|Any CPU
		{95079F1A-398B-4547-9429-A012478E9B51}.Release|ARM.ActiveCfg = Release|Any CPU
		{95079F1A-398B-4547-9429-A012478E9B51}.Release|ARM.Build.0 = Release|Any CPU
		{95079F1A-398B-4547-9429-A012478E9B51}.Release|ARM.Deploy.0 = Release|Any CPU
		{95079F1A-398B-4547-9429-A012478E9B51}.Release|iPhone.ActiveCfg = Release|Any CPU
		{95079F1A-398B-4547-9429-A012478E9B51}.Release|iPhone.Build.0 = Release|Any CPU
		{95079F1A-398B-4547-9429-A012478E9B51}.Release|iPhone.Deploy.0 = Release|Any CPU
		{95079F1A-398B-4547-9429-A012478E9B51}.Release|iPhoneSimulator.ActiveCfg = Release|Any CPU
		{95079F1A-398B-4547-9429-A012478E9B51}.Release|iPhoneSimulator.Build.0 = Release|Any CPU
		{95079F1A-398B-4547-9429-A012478E9B51}.Release|iPhoneSimulator.Deploy.0 = Release|Any CPU
		{95079F1A-398B-4547-9429-A012478E9B51}.Release|x64.ActiveCfg = Release|Any CPU
		{95079F1A-398B-4547-9429-A012478E9B51}.Release|x64.Build.0 = Release|Any CPU
		{95079F1A-398B-4547-9429-A012478E9B51}.Release|x64.Deploy.0 = Release|Any CPU
		{95079F1A-398B-4547-9429-A012478E9B51}.Release|x86.ActiveCfg = Release|Any CPU
		{95079F1A-398B-4547-9429-A012478E9B51}.Release|x86.Build.0 = Release|Any CPU
		{95079F1A-398B-4547-9429-A012478E9B51}.Release|x86.Deploy.0 = Release|Any CPU
		{7856F803-9D1D-4A50-9E51-387344DB3E60}.Debug|Any CPU.ActiveCfg = Debug|iPhone
		{7856F803-9D1D-4A50-9E51-387344DB3E60}.Debug|Any CPU.Build.0 = Debug|iPhone
		{7856F803-9D1D-4A50-9E51-387344DB3E60}.Debug|Any CPU.Deploy.0 = Debug|iPhone
		{7856F803-9D1D-4A50-9E51-387344DB3E60}.Debug|ARM.ActiveCfg = Debug|iPhone
		{7856F803-9D1D-4A50-9E51-387344DB3E60}.Debug|ARM.Build.0 = Debug|iPhone
		{7856F803-9D1D-4A50-9E51-387344DB3E60}.Debug|ARM.Deploy.0 = Debug|iPhone
		{7856F803-9D1D-4A50-9E51-387344DB3E60}.Debug|iPhone.ActiveCfg = Debug|iPhone
		{7856F803-9D1D-4A50-9E51-387344DB3E60}.Debug|iPhone.Build.0 = Debug|iPhone
		{7856F803-9D1D-4A50-9E51-387344DB3E60}.Debug|iPhone.Deploy.0 = Debug|iPhone
		{7856F803-9D1D-4A50-9E51-387344DB3E60}.Debug|iPhoneSimulator.ActiveCfg = Debug|iPhoneSimulator
		{7856F803-9D1D-4A50-9E51-387344DB3E60}.Debug|iPhoneSimulator.Build.0 = Debug|iPhoneSimulator
		{7856F803-9D1D-4A50-9E51-387344DB3E60}.Debug|iPhoneSimulator.Deploy.0 = Debug|iPhoneSimulator
		{7856F803-9D1D-4A50-9E51-387344DB3E60}.Debug|x64.ActiveCfg = Debug|iPhone
		{7856F803-9D1D-4A50-9E51-387344DB3E60}.Debug|x64.Build.0 = Debug|iPhone
		{7856F803-9D1D-4A50-9E51-387344DB3E60}.Debug|x64.Deploy.0 = Debug|iPhone
		{7856F803-9D1D-4A50-9E51-387344DB3E60}.Debug|x86.ActiveCfg = Debug|iPhone
		{7856F803-9D1D-4A50-9E51-387344DB3E60}.Debug|x86.Build.0 = Debug|iPhone
		{7856F803-9D1D-4A50-9E51-387344DB3E60}.Debug|x86.Deploy.0 = Debug|iPhone
		{7856F803-9D1D-4A50-9E51-387344DB3E60}.Release|Any CPU.ActiveCfg = Release|iPhone
		{7856F803-9D1D-4A50-9E51-387344DB3E60}.Release|Any CPU.Build.0 = Release|iPhone
		{7856F803-9D1D-4A50-9E51-387344DB3E60}.Release|Any CPU.Deploy.0 = Release|iPhone
		{7856F803-9D1D-4A50-9E51-387344DB3E60}.Release|ARM.ActiveCfg = Release|iPhone
		{7856F803-9D1D-4A50-9E51-387344DB3E60}.Release|ARM.Build.0 = Release|iPhone
		{7856F803-9D1D-4A50-9E51-387344DB3E60}.Release|ARM.Deploy.0 = Release|iPhone
		{7856F803-9D1D-4A50-9E51-387344DB3E60}.Release|iPhone.ActiveCfg = Release|iPhone
		{7856F803-9D1D-4A50-9E51-387344DB3E60}.Release|iPhone.Build.0 = Release|iPhone
		{7856F803-9D1D-4A50-9E51-387344DB3E60}.Release|iPhone.Deploy.0 = Release|iPhone
		{7856F803-9D1D-4A50-9E51-387344DB3E60}.Release|iPhoneSimulator.ActiveCfg = Release|iPhoneSimulator
		{7856F803-9D1D-4A50-9E51-387344DB3E60}.Release|iPhoneSimulator.Build.0 = Release|iPhoneSimulator
		{7856F803-9D1D-4A50-9E51-387344DB3E60}.Release|iPhoneSimulator.Deploy.0 = Release|iPhoneSimulator
		{7856F803-9D1D-4A50-9E51-387344DB3E60}.Release|x64.ActiveCfg = Release|iPhone
		{7856F803-9D1D-4A50-9E51-387344DB3E60}.Release|x64.Build.0 = Release|iPhone
		{7856F803-9D1D-4A50-9E51-387344DB3E60}.Release|x64.Deploy.0 = Release|iPhone
		{7856F803-9D1D-4A50-9E51-387344DB3E60}.Release|x86.ActiveCfg = Release|iPhone
		{7856F803-9D1D-4A50-9E51-387344DB3E60}.Release|x86.Build.0 = Release|iPhone
		{7856F803-9D1D-4A50-9E51-387344DB3E60}.Release|x86.Deploy.0 = Release|iPhone
		{74C70BAA-BFD8-4533-B943-5BCE002D708B}.Debug|Any CPU.ActiveCfg = Debug|Any CPU
		{74C70BAA-BFD8-4533-B943-5BCE002D708B}.Debug|Any CPU.Build.0 = Debug|Any CPU
		{74C70BAA-BFD8-4533-B943-5BCE002D708B}.Debug|Any CPU.Deploy.0 = Debug|Any CPU
		{74C70BAA-BFD8-4533-B943-5BCE002D708B}.Debug|ARM.ActiveCfg = Debug|Any CPU
		{74C70BAA-BFD8-4533-B943-5BCE002D708B}.Debug|ARM.Build.0 = Debug|Any CPU
		{74C70BAA-BFD8-4533-B943-5BCE002D708B}.Debug|ARM.Deploy.0 = Debug|Any CPU
		{74C70BAA-BFD8-4533-B943-5BCE002D708B}.Debug|iPhone.ActiveCfg = Debug|Any CPU
		{74C70BAA-BFD8-4533-B943-5BCE002D708B}.Debug|iPhone.Build.0 = Debug|Any CPU
		{74C70BAA-BFD8-4533-B943-5BCE002D708B}.Debug|iPhone.Deploy.0 = Debug|Any CPU
		{74C70BAA-BFD8-4533-B943-5BCE002D708B}.Debug|iPhoneSimulator.ActiveCfg = Debug|Any CPU
		{74C70BAA-BFD8-4533-B943-5BCE002D708B}.Debug|iPhoneSimulator.Build.0 = Debug|Any CPU
		{74C70BAA-BFD8-4533-B943-5BCE002D708B}.Debug|iPhoneSimulator.Deploy.0 = Debug|Any CPU
		{74C70BAA-BFD8-4533-B943-5BCE002D708B}.Debug|x64.ActiveCfg = Debug|Any CPU
		{74C70BAA-BFD8-4533-B943-5BCE002D708B}.Debug|x64.Build.0 = Debug|Any CPU
		{74C70BAA-BFD8-4533-B943-5BCE002D708B}.Debug|x64.Deploy.0 = Debug|Any CPU
		{74C70BAA-BFD8-4533-B943-5BCE002D708B}.Debug|x86.ActiveCfg = Debug|Any CPU
		{74C70BAA-BFD8-4533-B943-5BCE002D708B}.Debug|x86.Build.0 = Debug|Any CPU
		{74C70BAA-BFD8-4533-B943-5BCE002D708B}.Debug|x86.Deploy.0 = Debug|Any CPU
		{74C70BAA-BFD8-4533-B943-5BCE002D708B}.Release|Any CPU.ActiveCfg = Release|Any CPU
		{74C70BAA-BFD8-4533-B943-5BCE002D708B}.Release|Any CPU.Build.0 = Release|Any CPU
		{74C70BAA-BFD8-4533-B943-5BCE002D708B}.Release|Any CPU.Deploy.0 = Release|Any CPU
		{74C70BAA-BFD8-4533-B943-5BCE002D708B}.Release|ARM.ActiveCfg = Release|Any CPU
		{74C70BAA-BFD8-4533-B943-5BCE002D708B}.Release|ARM.Build.0 = Release|Any CPU
		{74C70BAA-BFD8-4533-B943-5BCE002D708B}.Release|ARM.Deploy.0 = Release|Any CPU
		{74C70BAA-BFD8-4533-B943-5BCE002D708B}.Release|iPhone.ActiveCfg = Release|Any CPU
		{74C70BAA-BFD8-4533-B943-5BCE002D708B}.Release|iPhone.Build.0 = Release|Any CPU
		{74C70BAA-BFD8-4533-B943-5BCE002D708B}.Release|iPhone.Deploy.0 = Release|Any CPU
		{74C70BAA-BFD8-4533-B943-5BCE002D708B}.Release|iPhoneSimulator.ActiveCfg = Release|Any CPU
		{74C70BAA-BFD8-4533-B943-5BCE002D708B}.Release|iPhoneSimulator.Build.0 = Release|Any CPU
		{74C70BAA-BFD8-4533-B943-5BCE002D708B}.Release|iPhoneSimulator.Deploy.0 = Release|Any CPU
		{74C70BAA-BFD8-4533-B943-5BCE002D708B}.Release|x64.ActiveCfg = Release|Any CPU
		{74C70BAA-BFD8-4533-B943-5BCE002D708B}.Release|x64.Build.0 = Release|Any CPU
		{74C70BAA-BFD8-4533-B943-5BCE002D708B}.Release|x64.Deploy.0 = Release|Any CPU
		{74C70BAA-BFD8-4533-B943-5BCE002D708B}.Release|x86.ActiveCfg = Release|Any CPU
		{74C70BAA-BFD8-4533-B943-5BCE002D708B}.Release|x86.Build.0 = Release|Any CPU
		{74C70BAA-BFD8-4533-B943-5BCE002D708B}.Release|x86.Deploy.0 = Release|Any CPU
	EndGlobalSection
	GlobalSection(SolutionProperties) = preSolution
		HideSolutionNode = FALSE
	EndGlobalSection
	GlobalSection(ExtensibilityGlobals) = postSolution
		SolutionGuid = {2C48D081-6A67-499F-8229-06064FD42F54}
	EndGlobalSection
EndGlobal
